{
  "name": "broadlink-adapter",
  "version": "0.1",
  "lockfileVersion": 1,
  "dependencies": {
    "@types/node": {
      "version": "7.0.53",
      "resolved": "https://registry.npmjs.org/@types/node/-/node-7.0.53.tgz",
      "integrity": "sha512-tLgSJHvGsqb/70B3jgkhb9rKVpHv38ixC7TOBqo68ajABkp69EhUFFNXu7MSMFa+cWCSm/zVXqylwh/728XlGg=="
    },
    "broadlinkjs-rm": {
      "version": "github:sogaani/broadlinkjs-rm#442705646ae2d54f523fbc9f612f853988c01f19"
    },
    "promise-queue": {
      "version": "2.2.5",
      "resolved": "https://registry.npmjs.org/promise-queue/-/promise-queue-2.2.5.tgz",
      "integrity": "sha1-L29ffA9tCBCelnZZx5uIqe1ek7Q="
    }
  }
}
