{
  "name": "broadlink-adapter",
  "version": "0.1.0",
  "lockfileVersion": 1,
  "dependencies": {
    "@types/node": {
      "version": "7.0.55",
      "resolved": "https://registry.npmjs.org/@types/node/-/node-7.0.55.tgz",
      "integrity": "sha512-diCxfWNT4g2UM9Y+BPgy4s3egcZ2qOXc0mXLauvbsBUq9SBKQfh0SmuEUEhJVFZt/p6UDsjg1s2EgfM6OSlp4g=="
    },
    "broadlinkjs-rm": {
      "version": "github:sogaani/broadlinkjs-rm#45532b56214e38e82159890b41f83f7709537457"
    },
    "promise-queue": {
      "version": "2.2.5",
      "resolved": "https://registry.npmjs.org/promise-queue/-/promise-queue-2.2.5.tgz",
      "integrity": "sha1-L29ffA9tCBCelnZZx5uIqe1ek7Q="
    }
  }
}
