{
  "name": "broadlink-adapter",
  "version": "0.1.2",
  "lockfileVersion": 1,
  "requires": true,
  "dependencies": {
    "@types/node": {
      "version": "7.0.55",
      "resolved": "https://registry.npmjs.org/@types/node/-/node-7.0.55.tgz",
      "integrity": "sha512-diCxfWNT4g2UM9Y+BPgy4s3egcZ2qOXc0mXLauvbsBUq9SBKQfh0SmuEUEhJVFZt/p6UDsjg1s2EgfM6OSlp4g=="
    },
    "broadlinkjs-rm": {
      "version": "github:sogaani/broadlinkjs-rm#45532b56214e38e82159890b41f83f7709537457",
      "requires": {
        "@types/node": "7.0.55"
      }
    },
    "inquirer": {
      "version": "5.1.0",
      "resolved": "https://registry.npmjs.org/inquirer/-/inquirer-5.1.0.tgz",
      "integrity": "sha512-kn7N70US1MSZHZHSGJLiZ7iCwwncc7b0gc68YtlX29OjI3Mp0tSVV+snVXpZ1G+ONS3Ac9zd1m6hve2ibLDYfA=="
    },
    "promise-queue": {
      "version": "2.2.5",
      "resolved": "https://registry.npmjs.org/promise-queue/-/promise-queue-2.2.5.tgz",
      "integrity": "sha1-L29ffA9tCBCelnZZx5uIqe1ek7Q="
    }
  }
}
